
Microsoft Visual Studio Solution File, Format Version 12.00
# Visual Studio Version 16
VisualStudioVersion = 16.0.30717.126
MinimumVisualStudioVersion = 10.0.40219.1
Project("{FAE04EC0-301F-11D3-BF4B-00C04F79EFBC}") = "CarsXamarinAndroid", "CarsXamarinAndroid\CarsXamarinAndroid.csproj", "{B4BB8636-C17F-4F17-9AFF-6FC86539DE0C}"
EndProject
Global
	GlobalSection(SolutionConfigurationPlatforms) = preSolution
		Debug|Any CPU = Debug|Any CPU
		Release|Any CPU = Release|Any CPU
	EndGlobalSection
	GlobalSection(ProjectConfigurationPlatforms) = postSolution
		{B4BB8636-C17F-4F17-9AFF-6FC86539DE0C}.Debug|Any CPU.ActiveCfg = Debug|Any CPU
		{B4BB8636-C17F-4F17-9AFF-6FC86539DE0C}.Debug|Any CPU.Build.0 = Debug|Any CPU
		{B4BB8636-C17F-4F17-9AFF-6FC86539DE0C}.Debug|Any CPU.Deploy.0 = Debug|Any CPU
		{B4BB8636-C17F-4F17-9AFF-6FC86539DE0C}.Release|Any CPU.ActiveCfg = Release|Any CPU
		{B4BB8636-C17F-4F17-9AFF-6FC86539DE0C}.Release|Any CPU.Build.0 = Release|Any CPU
		{B4BB8636-C17F-4F17-9AFF-6FC86539DE0C}.Release|Any CPU.Deploy.0 = Release|Any CPU
	EndGlobalSection
	GlobalSection(SolutionProperties) = preSolution
		HideSolutionNode = FALSE
	EndGlobalSection
	GlobalSection(ExtensibilityGlobals) = postSolution
		SolutionGuid = {8B6623D6-338A-42E8-BC21-230DC1F235E9}
	EndGlobalSection
EndGlobal
